// !$*UTF8*$!
{
	archiveVersion = 1;
	classes = {
	};
	objectVersion = 56;
	objects = {

/* Begin PBXBuildFile section */
		41032F0F2D6E903B00D4636D /* PinpointApp.swift in Sources */ = {isa = PBXBuildFile; fileRef = 41032F0E2D6E903B00D4636D /* PinpointApp.swift */; };
		41032F112D6E903B00D4636D /* ContentView.swift in Sources */ = {isa = PBXBuildFile; fileRef = 41032F102D6E903B00D4636D /* ContentView.swift */; };
		41032F132D6E903D00D4636D /* Assets.xcassets in Resources */ = {isa = PBXBuildFile; fileRef = 41032F122D6E903D00D4636D /* Assets.xcassets */; };
		41032F162D6E903D00D4636D /* Preview Assets.xcassets in Resources */ = {isa = PBXBuildFile; fileRef = 41032F152D6E903D00D4636D /* Preview Assets.xcassets */; };
		41032F182D6E903D00D4636D /* Persistence.swift in Sources */ = {isa = PBXBuildFile; fileRef = 41032F172D6E903D00D4636D /* Persistence.swift */; };
		41032F1B2D6E903D00D4636D /* Pinpoint.xcdatamodeld in Sources */ = {isa = PBXBuildFile; fileRef = 41032F192D6E903D00D4636D /* Pinpoint.xcdatamodeld */; };
		41032F252D6E903D00D4636D /* PinpointTests.swift in Sources */ = {isa = PBXBuildFile; fileRef = 41032F242D6E903D00D4636D /* PinpointTests.swift */; };
		41032F2F2D6E903D00D4636D /* PinpointUITests.swift in Sources */ = {isa = PBXBuildFile; fileRef = 41032F2E2D6E903D00D4636D /* PinpointUITests.swift */; };
		41032F312D6E903D00D4636D /* PinpointUITestsLaunchTests.swift in Sources */ = {isa = PBXBuildFile; fileRef = 41032F302D6E903D00D4636D /* PinpointUITestsLaunchTests.swift */; };
		411B16112D72C87400201E70 /* NewPackageView.swift in Sources */ = {isa = PBXBuildFile; fileRef = 411B16102D72C87400201E70 /* NewPackageView.swift */; };
		4144DD532D6EE07F00F4D4E4 /* PackageListView.swift in Sources */ = {isa = PBXBuildFile; fileRef = 4144DD522D6EE07F00F4D4E4 /* PackageListView.swift */; };
		4144DD552D6EE09B00F4D4E4 /* PackageListViewModel.swift in Sources */ = {isa = PBXBuildFile; fileRef = 4144DD542D6EE09B00F4D4E4 /* PackageListViewModel.swift */; };
		4144DD572D6EE1B400F4D4E4 /* Package.swift in Sources */ = {isa = PBXBuildFile; fileRef = 4144DD562D6EE1B400F4D4E4 /* Package.swift */; };
		416BF1342D6EE41A00D676C9 /* PackageListItemViewModel.swift in Sources */ = {isa = PBXBuildFile; fileRef = 416BF1332D6EE41A00D676C9 /* PackageListItemViewModel.swift */; };
		416BF1362D6EE46700D676C9 /* PackageListItemView.swift in Sources */ = {isa = PBXBuildFile; fileRef = 416BF1352D6EE46700D676C9 /* PackageListItemView.swift */; };
		41FC88B92D6EEA2300BC8C21 /* NewPackageViewModel.swift in Sources */ = {isa = PBXBuildFile; fileRef = 41FC88B82D6EEA2300BC8C21 /* NewPackageViewModel.swift */; };
/* End PBXBuildFile section */

/* Begin PBXContainerItemProxy section */
		41032F212D6E903D00D4636D /* PBXContainerItemProxy */ = {
			isa = PBXContainerItemProxy;
			containerPortal = 41032F032D6E903B00D4636D /* Project object */;
			proxyType = 1;
			remoteGlobalIDString = 41032F0A2D6E903B00D4636D;
			remoteInfo = Pinpoint;
		};
		41032F2B2D6E903D00D4636D /* PBXContainerItemProxy */ = {
			isa = PBXContainerItemProxy;
			containerPortal = 41032F032D6E903B00D4636D /* Project object */;
			proxyType = 1;
			remoteGlobalIDString = 41032F0A2D6E903B00D4636D;
			remoteInfo = Pinpoint;
		};
/* End PBXContainerItemProxy section */

/* Begin PBXFileReference section */
		41032F0B2D6E903B00D4636D /* Pinpoint.app */ = {isa = PBXFileReference; explicitFileType = wrapper.application; includeInIndex = 0; path = Pinpoint.app; sourceTree = BUILT_PRODUCTS_DIR; };
		41032F0E2D6E903B00D4636D /* PinpointApp.swift */ = {isa = PBXFileReference; lastKnownFileType = sourcecode.swift; path = PinpointApp.swift; sourceTree = "<group>"; };
		41032F102D6E903B00D4636D /* ContentView.swift */ = {isa = PBXFileReference; lastKnownFileType = sourcecode.swift; path = ContentView.swift; sourceTree = "<group>"; };
		41032F122D6E903D00D4636D /* Assets.xcassets */ = {isa = PBXFileReference; lastKnownFileType = folder.assetcatalog; path = Assets.xcassets; sourceTree = "<group>"; };
		41032F152D6E903D00D4636D /* Preview Assets.xcassets */ = {isa = PBXFileReference; lastKnownFileType = folder.assetcatalog; path = "Preview Assets.xcassets"; sourceTree = "<group>"; };
		41032F172D6E903D00D4636D /* Persistence.swift */ = {isa = PBXFileReference; lastKnownFileType = sourcecode.swift; path = Persistence.swift; sourceTree = "<group>"; };
		41032F1A2D6E903D00D4636D /* Pinpoint.xcdatamodel */ = {isa = PBXFileReference; lastKnownFileType = wrapper.xcdatamodel; path = Pinpoint.xcdatamodel; sourceTree = "<group>"; };
		41032F202D6E903D00D4636D /* PinpointTests.xctest */ = {isa = PBXFileReference; explicitFileType = wrapper.cfbundle; includeInIndex = 0; path = PinpointTests.xctest; sourceTree = BUILT_PRODUCTS_DIR; };
		41032F242D6E903D00D4636D /* PinpointTests.swift */ = {isa = PBXFileReference; lastKnownFileType = sourcecode.swift; path = PinpointTests.swift; sourceTree = "<group>"; };
		41032F2A2D6E903D00D4636D /* PinpointUITests.xctest */ = {isa = PBXFileReference; explicitFileType = wrapper.cfbundle; includeInIndex = 0; path = PinpointUITests.xctest; sourceTree = BUILT_PRODUCTS_DIR; };
		41032F2E2D6E903D00D4636D /* PinpointUITests.swift */ = {isa = PBXFileReference; lastKnownFileType = sourcecode.swift; path = PinpointUITests.swift; sourceTree = "<group>"; };
		41032F302D6E903D00D4636D /* PinpointUITestsLaunchTests.swift */ = {isa = PBXFileReference; lastKnownFileType = sourcecode.swift; path = PinpointUITestsLaunchTests.swift; sourceTree = "<group>"; };
		411B16102D72C87400201E70 /* NewPackageView.swift */ = {isa = PBXFileReference; fileEncoding = 4; lastKnownFileType = sourcecode.swift; path = NewPackageView.swift; sourceTree = "<group>"; };
		4144DD522D6EE07F00F4D4E4 /* PackageListView.swift */ = {isa = PBXFileReference; lastKnownFileType = sourcecode.swift; path = PackageListView.swift; sourceTree = "<group>"; };
		4144DD542D6EE09B00F4D4E4 /* PackageListViewModel.swift */ = {isa = PBXFileReference; lastKnownFileType = sourcecode.swift; path = PackageListViewModel.swift; sourceTree = "<group>"; };
		4144DD562D6EE1B400F4D4E4 /* Package.swift */ = {isa = PBXFileReference; lastKnownFileType = sourcecode.swift; path = Package.swift; sourceTree = "<group>"; };
		416BF1332D6EE41A00D676C9 /* PackageListItemViewModel.swift */ = {isa = PBXFileReference; lastKnownFileType = sourcecode.swift; path = PackageListItemViewModel.swift; sourceTree = "<group>"; };
		416BF1352D6EE46700D676C9 /* PackageListItemView.swift */ = {isa = PBXFileReference; lastKnownFileType = sourcecode.swift; path = PackageListItemView.swift; sourceTree = "<group>"; };
		41FC88B82D6EEA2300BC8C21 /* NewPackageViewModel.swift */ = {isa = PBXFileReference; lastKnownFileType = sourcecode.swift; path = NewPackageViewModel.swift; sourceTree = "<group>"; };
/* End PBXFileReference section */

/* Begin PBXFrameworksBuildPhase section */
		41032F082D6E903B00D4636D /* Frameworks */ = {
			isa = PBXFrameworksBuildPhase;
			buildActionMask = 2147483647;
			files = (
			);
			runOnlyForDeploymentPostprocessing = 0;
		};
		41032F1D2D6E903D00D4636D /* Frameworks */ = {
			isa = PBXFrameworksBuildPhase;
			buildActionMask = 2147483647;
			files = (
			);
			runOnlyForDeploymentPostprocessing = 0;
		};
		41032F272D6E903D00D4636D /* Frameworks */ = {
			isa = PBXFrameworksBuildPhase;
			buildActionMask = 2147483647;
			files = (
			);
			runOnlyForDeploymentPostprocessing = 0;
		};
/* End PBXFrameworksBuildPhase section */

/* Begin PBXGroup section */
		41032F022D6E903B00D4636D = {
			isa = PBXGroup;
			children = (
				41032F0D2D6E903B00D4636D /* Pinpoint */,
				41032F232D6E903D00D4636D /* PinpointTests */,
				41032F2D2D6E903D00D4636D /* PinpointUITests */,
				41032F0C2D6E903B00D4636D /* Products */,
			);
			sourceTree = "<group>";
		};
		41032F0C2D6E903B00D4636D /* Products */ = {
			isa = PBXGroup;
			children = (
				41032F0B2D6E903B00D4636D /* Pinpoint.app */,
				41032F202D6E903D00D4636D /* PinpointTests.xctest */,
				41032F2A2D6E903D00D4636D /* PinpointUITests.xctest */,
			);
			name = Products;
			sourceTree = "<group>";
		};
		41032F0D2D6E903B00D4636D /* Pinpoint */ = {
			isa = PBXGroup;
			children = (
				4144DD512D6EDC7500F4D4E4 /* Views */,
				4144DD502D6EDC6C00F4D4E4 /* ViewModels */,
				4144DD4F2D6EDC5F00F4D4E4 /* Models */,
				41032F0E2D6E903B00D4636D /* PinpointApp.swift */,
				41032F102D6E903B00D4636D /* ContentView.swift */,
				41032F122D6E903D00D4636D /* Assets.xcassets */,
				41032F172D6E903D00D4636D /* Persistence.swift */,
				41032F192D6E903D00D4636D /* Pinpoint.xcdatamodeld */,
				41032F142D6E903D00D4636D /* Preview Content */,
			);
			path = Pinpoint;
			sourceTree = "<group>";
		};
		41032F142D6E903D00D4636D /* Preview Content */ = {
			isa = PBXGroup;
			children = (
				41032F152D6E903D00D4636D /* Preview Assets.xcassets */,
			);
			path = "Preview Content";
			sourceTree = "<group>";
		};
		41032F232D6E903D00D4636D /* PinpointTests */ = {
			isa = PBXGroup;
			children = (
				41032F242D6E903D00D4636D /* PinpointTests.swift */,
			);
			path = PinpointTests;
			sourceTree = "<group>";
		};
		41032F2D2D6E903D00D4636D /* PinpointUITests */ = {
			isa = PBXGroup;
			children = (
				41032F2E2D6E903D00D4636D /* PinpointUITests.swift */,
				41032F302D6E903D00D4636D /* PinpointUITestsLaunchTests.swift */,
			);
			path = PinpointUITests;
			sourceTree = "<group>";
		};
		4144DD4F2D6EDC5F00F4D4E4 /* Models */ = {
			isa = PBXGroup;
			children = (
				4144DD562D6EE1B400F4D4E4 /* Package.swift */,
			);
			path = Models;
			sourceTree = "<group>";
		};
		4144DD502D6EDC6C00F4D4E4 /* ViewModels */ = {
			isa = PBXGroup;
			children = (
				4144DD542D6EE09B00F4D4E4 /* PackageListViewModel.swift */,
				416BF1332D6EE41A00D676C9 /* PackageListItemViewModel.swift */,
				41FC88B82D6EEA2300BC8C21 /* NewPackageViewModel.swift */,
			);
			path = ViewModels;
			sourceTree = "<group>";
		};
		4144DD512D6EDC7500F4D4E4 /* Views */ = {
			isa = PBXGroup;
			children = (
				4144DD522D6EE07F00F4D4E4 /* PackageListView.swift */,
				411B16102D72C87400201E70 /* NewPackageView.swift */,
				416BF1352D6EE46700D676C9 /* PackageListItemView.swift */,
			);
			path = Views;
			sourceTree = "<group>";
		};
/* End PBXGroup section */

/* Begin PBXNativeTarget section */
		41032F0A2D6E903B00D4636D /* Pinpoint */ = {
			isa = PBXNativeTarget;
			buildConfigurationList = 41032F342D6E903D00D4636D /* Build configuration list for PBXNativeTarget "Pinpoint" */;
			buildPhases = (
				41032F072D6E903B00D4636D /* Sources */,
				41032F082D6E903B00D4636D /* Frameworks */,
				41032F092D6E903B00D4636D /* Resources */,
			);
			buildRules = (
			);
			dependencies = (
			);
			name = Pinpoint;
			productName = Pinpoint;
			productReference = 41032F0B2D6E903B00D4636D /* Pinpoint.app */;
			productType = "com.apple.product-type.application";
		};
		41032F1F2D6E903D00D4636D /* PinpointTests */ = {
			isa = PBXNativeTarget;
			buildConfigurationList = 41032F372D6E903D00D4636D /* Build configuration list for PBXNativeTarget "PinpointTests" */;
			buildPhases = (
				41032F1C2D6E903D00D4636D /* Sources */,
				41032F1D2D6E903D00D4636D /* Frameworks */,
				41032F1E2D6E903D00D4636D /* Resources */,
			);
			buildRules = (
			);
			dependencies = (
				41032F222D6E903D00D4636D /* PBXTargetDependency */,
			);
			name = PinpointTests;
			productName = PinpointTests;
			productReference = 41032F202D6E903D00D4636D /* PinpointTests.xctest */;
			productType = "com.apple.product-type.bundle.unit-test";
		};
		41032F292D6E903D00D4636D /* PinpointUITests */ = {
			isa = PBXNativeTarget;
			buildConfigurationList = 41032F3A2D6E903D00D4636D /* Build configuration list for PBXNativeTarget "PinpointUITests" */;
			buildPhases = (
				41032F262D6E903D00D4636D /* Sources */,
				41032F272D6E903D00D4636D /* Frameworks */,
				41032F282D6E903D00D4636D /* Resources */,
			);
			buildRules = (
			);
			dependencies = (
				41032F2C2D6E903D00D4636D /* PBXTargetDependency */,
			);
			name = PinpointUITests;
			productName = PinpointUITests;
			productReference = 41032F2A2D6E903D00D4636D /* PinpointUITests.xctest */;
			productType = "com.apple.product-type.bundle.ui-testing";
		};
/* End PBXNativeTarget section */

/* Begin PBXProject section */
		41032F032D6E903B00D4636D /* Project object */ = {
			isa = PBXProject;
			attributes = {
				BuildIndependentTargetsInParallel = 1;
				LastSwiftUpdateCheck = 1520;
				LastUpgradeCheck = 1520;
				TargetAttributes = {
					41032F0A2D6E903B00D4636D = {
						CreatedOnToolsVersion = 15.2;
					};
					41032F1F2D6E903D00D4636D = {
						CreatedOnToolsVersion = 15.2;
						TestTargetID = 41032F0A2D6E903B00D4636D;
					};
					41032F292D6E903D00D4636D = {
						CreatedOnToolsVersion = 15.2;
						TestTargetID = 41032F0A2D6E903B00D4636D;
					};
				};
			};
			buildConfigurationList = 41032F062D6E903B00D4636D /* Build configuration list for PBXProject "Pinpoint" */;
			compatibilityVersion = "Xcode 14.0";
			developmentRegion = en;
			hasScannedForEncodings = 0;
			knownRegions = (
				en,
				Base,
			);
			mainGroup = 41032F022D6E903B00D4636D;
			productRefGroup = 41032F0C2D6E903B00D4636D /* Products */;
			projectDirPath = "";
			projectRoot = "";
			targets = (
				41032F0A2D6E903B00D4636D /* Pinpoint */,
				41032F1F2D6E903D00D4636D /* PinpointTests */,
				41032F292D6E903D00D4636D /* PinpointUITests */,
			);
		};
/* End PBXProject section */

/* Begin PBXResourcesBuildPhase section */
		41032F092D6E903B00D4636D /* Resources */ = {
			isa = PBXResourcesBuildPhase;
			buildActionMask = 2147483647;
			files = (
				41032F162D6E903D00D4636D /* Preview Assets.xcassets in Resources */,
				41032F132D6E903D00D4636D /* Assets.xcassets in Resources */,
			);
			runOnlyForDeploymentPostprocessing = 0;
		};
		41032F1E2D6E903D00D4636D /* Resources */ = {
			isa = PBXResourcesBuildPhase;
			buildActionMask = 2147483647;
			files = (
			);
			runOnlyForDeploymentPostprocessing = 0;
		};
		41032F282D6E903D00D4636D /* Resources */ = {
			isa = PBXResourcesBuildPhase;
			buildActionMask = 2147483647;
			files = (
			);
			runOnlyForDeploymentPostprocessing = 0;
		};
/* End PBXResourcesBuildPhase section */

/* Begin PBXSourcesBuildPhase section */
		41032F072D6E903B00D4636D /* Sources */ = {
			isa = PBXSourcesBuildPhase;
			buildActionMask = 2147483647;
			files = (
				41FC88B92D6EEA2300BC8C21 /* NewPackageViewModel.swift in Sources */,
				41032F182D6E903D00D4636D /* Persistence.swift in Sources */,
				41032F112D6E903B00D4636D /* ContentView.swift in Sources */,
				4144DD532D6EE07F00F4D4E4 /* PackageListView.swift in Sources */,
				411B16112D72C87400201E70 /* NewPackageView.swift in Sources */,
				4144DD572D6EE1B400F4D4E4 /* Package.swift in Sources */,
				416BF1362D6EE46700D676C9 /* PackageListItemView.swift in Sources */,
				416BF1342D6EE41A00D676C9 /* PackageListItemViewModel.swift in Sources */,
				41032F1B2D6E903D00D4636D /* Pinpoint.xcdatamodeld in Sources */,
				41032F0F2D6E903B00D4636D /* PinpointApp.swift in Sources */,
				4144DD552D6EE09B00F4D4E4 /* PackageListViewModel.swift in Sources */,
			);
			runOnlyForDeploymentPostprocessing = 0;
		};
		41032F1C2D6E903D00D4636D /* Sources */ = {
			isa = PBXSourcesBuildPhase;
			buildActionMask = 2147483647;
			files = (
				41032F252D6E903D00D4636D /* PinpointTests.swift in Sources */,
			);
			runOnlyForDeploymentPostprocessing = 0;
		};
		41032F262D6E903D00D4636D /* Sources */ = {
			isa = PBXSourcesBuildPhase;
			buildActionMask = 2147483647;
			files = (
				41032F312D6E903D00D4636D /* PinpointUITestsLaunchTests.swift in Sources */,
				41032F2F2D6E903D00D4636D /* PinpointUITests.swift in Sources */,
			);
			runOnlyForDeploymentPostprocessing = 0;
		};
/* End PBXSourcesBuildPhase section */

/* Begin PBXTargetDependency section */
		41032F222D6E903D00D4636D /* PBXTargetDependency */ = {
			isa = PBXTargetDependency;
			target = 41032F0A2D6E903B00D4636D /* Pinpoint */;
			targetProxy = 41032F212D6E903D00D4636D /* PBXContainerItemProxy */;
		};
		41032F2C2D6E903D00D4636D /* PBXTargetDependency */ = {
			isa = PBXTargetDependency;
			target = 41032F0A2D6E903B00D4636D /* Pinpoint */;
			targetProxy = 41032F2B2D6E903D00D4636D /* PBXContainerItemProxy */;
		};
/* End PBXTargetDependency section */

/* Begin XCBuildConfiguration section */
		41032F322D6E903D00D4636D /* Debug */ = {
			isa = XCBuildConfiguration;
			buildSettings = {
				ALWAYS_SEARCH_USER_PATHS = NO;
				ASSETCATALOG_COMPILER_GENERATE_SWIFT_ASSET_SYMBOL_EXTENSIONS = YES;
				CLANG_ANALYZER_NONNULL = YES;
				CLANG_ANALYZER_NUMBER_OBJECT_CONVERSION = YES_AGGRESSIVE;
				CLANG_CXX_LANGUAGE_STANDARD = "gnu++20";
				CLANG_ENABLE_MODULES = YES;
				CLANG_ENABLE_OBJC_ARC = YES;
				CLANG_ENABLE_OBJC_WEAK = YES;
				CLANG_WARN_BLOCK_CAPTURE_AUTORELEASING = YES;
				CLANG_WARN_BOOL_CONVERSION = YES;
				CLANG_WARN_COMMA = YES;
				CLANG_WARN_CONSTANT_CONVERSION = YES;
				CLANG_WARN_DEPRECATED_OBJC_IMPLEMENTATIONS = YES;
				CLANG_WARN_DIRECT_OBJC_ISA_USAGE = YES_ERROR;
				CLANG_WARN_DOCUMENTATION_COMMENTS = YES;
				CLANG_WARN_EMPTY_BODY = YES;
				CLANG_WARN_ENUM_CONVERSION = YES;
				CLANG_WARN_INFINITE_RECURSION = YES;
				CLANG_WARN_INT_CONVERSION = YES;
				CLANG_WARN_NON_LITERAL_NULL_CONVERSION = YES;
				CLANG_WARN_OBJC_IMPLICIT_RETAIN_SELF = YES;
				CLANG_WARN_OBJC_LITERAL_CONVERSION = YES;
				CLANG_WARN_OBJC_ROOT_CLASS = YES_ERROR;
				CLANG_WARN_QUOTED_INCLUDE_IN_FRAMEWORK_HEADER = YES;
				CLANG_WARN_RANGE_LOOP_ANALYSIS = YES;
				CLANG_WARN_STRICT_PROTOTYPES = YES;
				CLANG_WARN_SUSPICIOUS_MOVE = YES;
				CLANG_WARN_UNGUARDED_AVAILABILITY = YES_AGGRESSIVE;
				CLANG_WARN_UNREACHABLE_CODE = YES;
				CLANG_WARN__DUPLICATE_METHOD_MATCH = YES;
				COPY_PHASE_STRIP = NO;
				DEBUG_INFORMATION_FORMAT = dwarf;
				ENABLE_STRICT_OBJC_MSGSEND = YES;
				ENABLE_TESTABILITY = YES;
				ENABLE_USER_SCRIPT_SANDBOXING = YES;
				GCC_C_LANGUAGE_STANDARD = gnu17;
				GCC_DYNAMIC_NO_PIC = NO;
				GCC_NO_COMMON_BLOCKS = YES;
				GCC_OPTIMIZATION_LEVEL = 0;
				GCC_PREPROCESSOR_DEFINITIONS = (
					"DEBUG=1",
					"$(inherited)",
				);
				GCC_WARN_64_TO_32_BIT_CONVERSION = YES;
				GCC_WARN_ABOUT_RETURN_TYPE = YES_ERROR;
				GCC_WARN_UNDECLARED_SELECTOR = YES;
				GCC_WARN_UNINITIALIZED_AUTOS = YES_AGGRESSIVE;
				GCC_WARN_UNUSED_FUNCTION = YES;
				GCC_WARN_UNUSED_VARIABLE = YES;
				IPHONEOS_DEPLOYMENT_TARGET = 17.2;
				LOCALIZATION_PREFERS_STRING_CATALOGS = YES;
				MTL_ENABLE_DEBUG_INFO = INCLUDE_SOURCE;
				MTL_FAST_MATH = YES;
				ONLY_ACTIVE_ARCH = YES;
				SDKROOT = iphoneos;
				SWIFT_ACTIVE_COMPILATION_CONDITIONS = "DEBUG $(inherited)";
				SWIFT_OPTIMIZATION_LEVEL = "-Onone";
			};
			name = Debug;
		};
		41032F332D6E903D00D4636D /* Release */ = {
			isa = XCBuildConfiguration;
			buildSettings = {
				ALWAYS_SEARCH_USER_PATHS = NO;
				ASSETCATALOG_COMPILER_GENERATE_SWIFT_ASSET_SYMBOL_EXTENSIONS = YES;
				CLANG_ANALYZER_NONNULL = YES;
				CLANG_ANALYZER_NUMBER_OBJECT_CONVERSION = YES_AGGRESSIVE;
				CLANG_CXX_LANGUAGE_STANDARD = "gnu++20";
				CLANG_ENABLE_MODULES = YES;
				CLANG_ENABLE_OBJC_ARC = YES;
				CLANG_ENABLE_OBJC_WEAK = YES;
				CLANG_WARN_BLOCK_CAPTURE_AUTORELEASING = YES;
				CLANG_WARN_BOOL_CONVERSION = YES;
				CLANG_WARN_COMMA = YES;
				CLANG_WARN_CONSTANT_CONVERSION = YES;
				CLANG_WARN_DEPRECATED_OBJC_IMPLEMENTATIONS = YES;
				CLANG_WARN_DIRECT_OBJC_ISA_USAGE = YES_ERROR;
				CLANG_WARN_DOCUMENTATION_COMMENTS = YES;
				CLANG_WARN_EMPTY_BODY = YES;
				CLANG_WARN_ENUM_CONVERSION = YES;
				CLANG_WARN_INFINITE_RECURSION = YES;
				CLANG_WARN_INT_CONVERSION = YES;
				CLANG_WARN_NON_LITERAL_NULL_CONVERSION = YES;
				CLANG_WARN_OBJC_IMPLICIT_RETAIN_SELF = YES;
				CLANG_WARN_OBJC_LITERAL_CONVERSION = YES;
				CLANG_WARN_OBJC_ROOT_CLASS = YES_ERROR;
				CLANG_WARN_QUOTED_INCLUDE_IN_FRAMEWORK_HEADER = YES;
				CLANG_WARN_RANGE_LOOP_ANALYSIS = YES;
				CLANG_WARN_STRICT_PROTOTYPES = YES;
				CLANG_WARN_SUSPICIOUS_MOVE = YES;
				CLANG_WARN_UNGUARDED_AVAILABILITY = YES_AGGRESSIVE;
				CLANG_WARN_UNREACHABLE_CODE = YES;
				CLANG_WARN__DUPLICATE_METHOD_MATCH = YES;
				COPY_PHASE_STRIP = NO;
				DEBUG_INFORMATION_FORMAT = "dwarf-with-dsym";
				ENABLE_NS_ASSERTIONS = NO;
				ENABLE_STRICT_OBJC_MSGSEND = YES;
				ENABLE_USER_SCRIPT_SANDBOXING = YES;
				GCC_C_LANGUAGE_STANDARD = gnu17;
				GCC_NO_COMMON_BLOCKS = YES;
				GCC_WARN_64_TO_32_BIT_CONVERSION = YES;
				GCC_WARN_ABOUT_RETURN_TYPE = YES_ERROR;
				GCC_WARN_UNDECLARED_SELECTOR = YES;
				GCC_WARN_UNINITIALIZED_AUTOS = YES_AGGRESSIVE;
				GCC_WARN_UNUSED_FUNCTION = YES;
				GCC_WARN_UNUSED_VARIABLE = YES;
				IPHONEOS_DEPLOYMENT_TARGET = 17.2;
				LOCALIZATION_PREFERS_STRING_CATALOGS = YES;
				MTL_ENABLE_DEBUG_INFO = NO;
				MTL_FAST_MATH = YES;
				SDKROOT = iphoneos;
				SWIFT_COMPILATION_MODE = wholemodule;
				VALIDATE_PRODUCT = YES;
			};
			name = Release;
		};
		41032F352D6E903D00D4636D /* Debug */ = {
			isa = XCBuildConfiguration;
			buildSettings = {
				ASSETCATALOG_COMPILER_APPICON_NAME = AppIcon;
				ASSETCATALOG_COMPILER_GLOBAL_ACCENT_COLOR_NAME = AccentColor;
				CODE_SIGN_STYLE = Automatic;
				CURRENT_PROJECT_VERSION = 1;
				DEVELOPMENT_ASSET_PATHS = "\"Pinpoint/Preview Content\"";
				DEVELOPMENT_TEAM = 7LJCDWBCV3;
				ENABLE_PREVIEWS = YES;
				GENERATE_INFOPLIST_FILE = YES;
				INFOPLIST_KEY_UIApplicationSceneManifest_Generation = YES;
				INFOPLIST_KEY_UIApplicationSupportsIndirectInputEvents = YES;
				INFOPLIST_KEY_UILaunchScreen_Generation = YES;
				INFOPLIST_KEY_UISupportedInterfaceOrientations_iPad = "UIInterfaceOrientationPortrait UIInterfaceOrientationPortraitUpsideDown UIInterfaceOrientationLandscapeLeft UIInterfaceOrientationLandscapeRight";
				INFOPLIST_KEY_UISupportedInterfaceOrientations_iPhone = "UIInterfaceOrientationPortrait UIInterfaceOrientationLandscapeLeft UIInterfaceOrientationLandscapeRight";
				LD_RUNPATH_SEARCH_PATHS = (
					"$(inherited)",
					"@executable_path/Frameworks",
				);
				MARKETING_VERSION = 1.0;
				PRODUCT_BUNDLE_IDENTIFIER = com.tiffanypan.Pinpoint;
				PRODUCT_NAME = "$(TARGET_NAME)";
				SWIFT_EMIT_LOC_STRINGS = YES;
				SWIFT_VERSION = 5.0;
				TARGETED_DEVICE_FAMILY = "1,2";
			};
			name = Debug;
		};
		41032F362D6E903D00D4636D /* Release */ = {
			isa = XCBuildConfiguration;
			buildSettings = {
				ASSETCATALOG_COMPILER_APPICON_NAME = AppIcon;
				ASSETCATALOG_COMPILER_GLOBAL_ACCENT_COLOR_NAME = AccentColor;
				CODE_SIGN_STYLE = Automatic;
				CURRENT_PROJECT_VERSION = 1;
				DEVELOPMENT_ASSET_PATHS = "\"Pinpoint/Preview Content\"";
				DEVELOPMENT_TEAM = 7LJCDWBCV3;
				ENABLE_PREVIEWS = YES;
				GENERATE_INFOPLIST_FILE = YES;
				INFOPLIST_KEY_UIApplicationSceneManifest_Generation = YES;
				INFOPLIST_KEY_UIApplicationSupportsIndirectInputEvents = YES;
				INFOPLIST_KEY_UILaunchScreen_Generation = YES;
				INFOPLIST_KEY_UISupportedInterfaceOrientations_iPad = "UIInterfaceOrientationPortrait UIInterfaceOrientationPortraitUpsideDown UIInterfaceOrientationLandscapeLeft UIInterfaceOrientationLandscapeRight";
				INFOPLIST_KEY_UISupportedInterfaceOrientations_iPhone = "UIInterfaceOrientationPortrait UIInterfaceOrientationLandscapeLeft UIInterfaceOrientationLandscapeRight";
				LD_RUNPATH_SEARCH_PATHS = (
					"$(inherited)",
					"@executable_path/Frameworks",
				);
				MARKETING_VERSION = 1.0;
				PRODUCT_BUNDLE_IDENTIFIER = com.tiffanypan.Pinpoint;
				PRODUCT_NAME = "$(TARGET_NAME)";
				SWIFT_EMIT_LOC_STRINGS = YES;
				SWIFT_VERSION = 5.0;
				TARGETED_DEVICE_FAMILY = "1,2";
			};
			name = Release;
		};
		41032F382D6E903D00D4636D /* Debug */ = {
			isa = XCBuildConfiguration;
			buildSettings = {
				ALWAYS_EMBED_SWIFT_STANDARD_LIBRARIES = YES;
				BUNDLE_LOADER = "$(TEST_HOST)";
				CODE_SIGN_STYLE = Automatic;
				CURRENT_PROJECT_VERSION = 1;
				DEVELOPMENT_TEAM = 7LJCDWBCV3;
				GENERATE_INFOPLIST_FILE = YES;
				IPHONEOS_DEPLOYMENT_TARGET = 17.2;
				MARKETING_VERSION = 1.0;
				PRODUCT_BUNDLE_IDENTIFIER = com.tiffanypan.PinpointTests;
				PRODUCT_NAME = "$(TARGET_NAME)";
				SWIFT_EMIT_LOC_STRINGS = NO;
				SWIFT_VERSION = 5.0;
				TARGETED_DEVICE_FAMILY = "1,2";
				TEST_HOST = "$(BUILT_PRODUCTS_DIR)/Pinpoint.app/$(BUNDLE_EXECUTABLE_FOLDER_PATH)/Pinpoint";
			};
			name = Debug;
		};
		41032F392D6E903D00D4636D /* Release */ = {
			isa = XCBuildConfiguration;
			buildSettings = {
				ALWAYS_EMBED_SWIFT_STANDARD_LIBRARIES = YES;
				BUNDLE_LOADER = "$(TEST_HOST)";
				CODE_SIGN_STYLE = Automatic;
				CURRENT_PROJECT_VERSION = 1;
				DEVELOPMENT_TEAM = 7LJCDWBCV3;
				GENERATE_INFOPLIST_FILE = YES;
				IPHONEOS_DEPLOYMENT_TARGET = 17.2;
				MARKETING_VERSION = 1.0;
				PRODUCT_BUNDLE_IDENTIFIER = com.tiffanypan.PinpointTests;
				PRODUCT_NAME = "$(TARGET_NAME)";
				SWIFT_EMIT_LOC_STRINGS = NO;
				SWIFT_VERSION = 5.0;
				TARGETED_DEVICE_FAMILY = "1,2";
				TEST_HOST = "$(BUILT_PRODUCTS_DIR)/Pinpoint.app/$(BUNDLE_EXECUTABLE_FOLDER_PATH)/Pinpoint";
			};
			name = Release;
		};
		41032F3B2D6E903D00D4636D /* Debug */ = {
			isa = XCBuildConfiguration;
			buildSettings = {
				ALWAYS_EMBED_SWIFT_STANDARD_LIBRARIES = YES;
				CODE_SIGN_STYLE = Automatic;
				CURRENT_PROJECT_VERSION = 1;
				DEVELOPMENT_TEAM = 7LJCDWBCV3;
				GENERATE_INFOPLIST_FILE = YES;
				MARKETING_VERSION = 1.0;
				PRODUCT_BUNDLE_IDENTIFIER = com.tiffanypan.PinpointUITests;
				PRODUCT_NAME = "$(TARGET_NAME)";
				SWIFT_EMIT_LOC_STRINGS = NO;
				SWIFT_VERSION = 5.0;
				TARGETED_DEVICE_FAMILY = "1,2";
				TEST_TARGET_NAME = Pinpoint;
			};
			name = Debug;
		};
		41032F3C2D6E903D00D4636D /* Release */ = {
			isa = XCBuildConfiguration;
			buildSettings = {
				ALWAYS_EMBED_SWIFT_STANDARD_LIBRARIES = YES;
				CODE_SIGN_STYLE = Automatic;
				CURRENT_PROJECT_VERSION = 1;
				DEVELOPMENT_TEAM = 7LJCDWBCV3;
				GENERATE_INFOPLIST_FILE = YES;
				MARKETING_VERSION = 1.0;
				PRODUCT_BUNDLE_IDENTIFIER = com.tiffanypan.PinpointUITests;
				PRODUCT_NAME = "$(TARGET_NAME)";
				SWIFT_EMIT_LOC_STRINGS = NO;
				SWIFT_VERSION = 5.0;
				TARGETED_DEVICE_FAMILY = "1,2";
				TEST_TARGET_NAME = Pinpoint;
			};
			name = Release;
		};
/* End XCBuildConfiguration section */

/* Begin XCConfigurationList section */
		41032F062D6E903B00D4636D /* Build configuration list for PBXProject "Pinpoint" */ = {
			isa = XCConfigurationList;
			buildConfigurations = (
				41032F322D6E903D00D4636D /* Debug */,
				41032F332D6E903D00D4636D /* Release */,
			);
			defaultConfigurationIsVisible = 0;
			defaultConfigurationName = Release;
		};
		41032F342D6E903D00D4636D /* Build configuration list for PBXNativeTarget "Pinpoint" */ = {
			isa = XCConfigurationList;
			buildConfigurations = (
				41032F352D6E903D00D4636D /* Debug */,
				41032F362D6E903D00D4636D /* Release */,
			);
			defaultConfigurationIsVisible = 0;
			defaultConfigurationName = Release;
		};
		41032F372D6E903D00D4636D /* Build configuration list for PBXNativeTarget "PinpointTests" */ = {
			isa = XCConfigurationList;
			buildConfigurations = (
				41032F382D6E903D00D4636D /* Debug */,
				41032F392D6E903D00D4636D /* Release */,
			);
			defaultConfigurationIsVisible = 0;
			defaultConfigurationName = Release;
		};
		41032F3A2D6E903D00D4636D /* Build configuration list for PBXNativeTarget "PinpointUITests" */ = {
			isa = XCConfigurationList;
			buildConfigurations = (
				41032F3B2D6E903D00D4636D /* Debug */,
				41032F3C2D6E903D00D4636D /* Release */,
			);
			defaultConfigurationIsVisible = 0;
			defaultConfigurationName = Release;
		};
/* End XCConfigurationList section */

/* Begin XCVersionGroup section */
		41032F192D6E903D00D4636D /* Pinpoint.xcdatamodeld */ = {
			isa = XCVersionGroup;
			children = (
				41032F1A2D6E903D00D4636D /* Pinpoint.xcdatamodel */,
			);
			currentVersion = 41032F1A2D6E903D00D4636D /* Pinpoint.xcdatamodel */;
			path = Pinpoint.xcdatamodeld;
			sourceTree = "<group>";
			versionGroupType = wrapper.xcdatamodel;
		};
/* End XCVersionGroup section */
	};
	rootObject = 41032F032D6E903B00D4636D /* Project object */;
}
